
Microsoft Visual Studio Solution File, Format Version 12.00
# Visual Studio Version 17
VisualStudioVersion = 17.11.35312.102
MinimumVisualStudioVersion = 10.0.40219.1
Project("{FAE04EC0-301F-11D3-BF4B-00C04F79EFBC}") = "Class2Task", "Class2Task\Class2Task.csproj", "{7B495293-5C69-49E9-BEE5-5A6099D83874}"
EndProject
Global
	GlobalSection(SolutionConfigurationPlatforms) = preSolution
		Debug|Any CPU = Debug|Any CPU
		Release|Any CPU = Release|Any CPU
	EndGlobalSection
	GlobalSection(ProjectConfigurationPlatforms) = postSolution
		{7B495293-5C69-49E9-BEE5-5A6099D83874}.Debug|Any CPU.ActiveCfg = Debug|Any CPU
		{7B495293-5C69-49E9-BEE5-5A6099D83874}.Debug|Any CPU.Build.0 = Debug|Any CPU
		{7B495293-5C69-49E9-BEE5-5A6099D83874}.Release|Any CPU.ActiveCfg = Release|Any CPU
		{7B495293-5C69-49E9-BEE5-5A6099D83874}.Release|Any CPU.Build.0 = Release|Any CPU
	EndGlobalSection
	GlobalSection(SolutionProperties) = preSolution
		HideSolutionNode = FALSE
	EndGlobalSection
	GlobalSection(ExtensibilityGlobals) = postSolution
		SolutionGuid = {65989608-798F-4A8C-B6E8-0597705071C0}
	EndGlobalSection
EndGlobal
