
Microsoft Visual Studio Solution File, Format Version 12.00
# Visual Studio Version 17
VisualStudioVersion = 17.11.35312.102
MinimumVisualStudioVersion = 10.0.40219.1
Project("{FAE04EC0-301F-11D3-BF4B-00C04F79EFBC}") = "stringcustommethodtask", "stringcustommethodtask\stringcustommethodtask.csproj", "{D2A3F829-E2BA-4707-9CA2-9B822346E130}"
EndProject
Global
	GlobalSection(SolutionConfigurationPlatforms) = preSolution
		Debug|Any CPU = Debug|Any CPU
		Release|Any CPU = Release|Any CPU
	EndGlobalSection
	GlobalSection(ProjectConfigurationPlatforms) = postSolution
		{D2A3F829-E2BA-4707-9CA2-9B822346E130}.Debug|Any CPU.ActiveCfg = Debug|Any CPU
		{D2A3F829-E2BA-4707-9CA2-9B822346E130}.Debug|Any CPU.Build.0 = Debug|Any CPU
		{D2A3F829-E2BA-4707-9CA2-9B822346E130}.Release|Any CPU.ActiveCfg = Release|Any CPU
		{D2A3F829-E2BA-4707-9CA2-9B822346E130}.Release|Any CPU.Build.0 = Release|Any CPU
	EndGlobalSection
	GlobalSection(SolutionProperties) = preSolution
		HideSolutionNode = FALSE
	EndGlobalSection
	GlobalSection(ExtensibilityGlobals) = postSolution
		SolutionGuid = {098B2944-CFE9-4307-838B-64179B828277}
	EndGlobalSection
EndGlobal
