
Microsoft Visual Studio Solution File, Format Version 12.00
# Visual Studio Version 17
VisualStudioVersion = 17.11.35312.102
MinimumVisualStudioVersion = 10.0.40219.1
Project("{FAE04EC0-301F-11D3-BF4B-00C04F79EFBC}") = "FlowChartAlgoritmtask123456", "FlowChartAlgoritmtask123456\FlowChartAlgoritmtask123456.csproj", "{8B8F77D7-7B32-45A3-80EB-F2EDF0DD721E}"
EndProject
Global
	GlobalSection(SolutionConfigurationPlatforms) = preSolution
		Debug|Any CPU = Debug|Any CPU
		Release|Any CPU = Release|Any CPU
	EndGlobalSection
	GlobalSection(ProjectConfigurationPlatforms) = postSolution
		{8B8F77D7-7B32-45A3-80EB-F2EDF0DD721E}.Debug|Any CPU.ActiveCfg = Debug|Any CPU
		{8B8F77D7-7B32-45A3-80EB-F2EDF0DD721E}.Debug|Any CPU.Build.0 = Debug|Any CPU
		{8B8F77D7-7B32-45A3-80EB-F2EDF0DD721E}.Release|Any CPU.ActiveCfg = Release|Any CPU
		{8B8F77D7-7B32-45A3-80EB-F2EDF0DD721E}.Release|Any CPU.Build.0 = Release|Any CPU
	EndGlobalSection
	GlobalSection(SolutionProperties) = preSolution
		HideSolutionNode = FALSE
	EndGlobalSection
	GlobalSection(ExtensibilityGlobals) = postSolution
		SolutionGuid = {80986C11-6D5D-4D6E-9F7F-D008C6E90B8F}
	EndGlobalSection
EndGlobal
